
Microsoft Visual Studio Solution File, Format Version 12.00
# Visual Studio 15
VisualStudioVersion = 15.0.28307.1913
MinimumVisualStudioVersion = 10.0.40219.1
Project("{FAE04EC0-301F-11D3-BF4B-00C04F79EFBC}") = "APIEv3", "APIEv3\APIEv3.csproj", "{5F2884DE-533F-4646-BDF6-775E92CB927F}"
EndProject
Project("{FAE04EC0-301F-11D3-BF4B-00C04F79EFBC}") = "Datos", "Datos\Datos.csproj", "{04D0F5E9-37EE-40B6-9B64-76F1D4CD5654}"
EndProject
Project("{FAE04EC0-301F-11D3-BF4B-00C04F79EFBC}") = "Modelos", "Modelos\Modelos.csproj", "{C6283EDB-BEC1-49C4-BD71-BDC7C3A6A8B0}"
EndProject
Project("{FAE04EC0-301F-11D3-BF4B-00C04F79EFBC}") = "Negocio", "Negocio\Negocio.csproj", "{801C3C91-D53D-4BBB-A5B3-FD138CD37C7D}"
EndProject
Global
	GlobalSection(SolutionConfigurationPlatforms) = preSolution
		Debug|Any CPU = Debug|Any CPU
		Release|Any CPU = Release|Any CPU
	EndGlobalSection
	GlobalSection(ProjectConfigurationPlatforms) = postSolution
		{5F2884DE-533F-4646-BDF6-775E92CB927F}.Debug|Any CPU.ActiveCfg = Debug|Any CPU
		{5F2884DE-533F-4646-BDF6-775E92CB927F}.Debug|Any CPU.Build.0 = Debug|Any CPU
		{5F2884DE-533F-4646-BDF6-775E92CB927F}.Release|Any CPU.ActiveCfg = Release|Any CPU
		{5F2884DE-533F-4646-BDF6-775E92CB927F}.Release|Any CPU.Build.0 = Release|Any CPU
		{04D0F5E9-37EE-40B6-9B64-76F1D4CD5654}.Debug|Any CPU.ActiveCfg = Debug|Any CPU
		{04D0F5E9-37EE-40B6-9B64-76F1D4CD5654}.Debug|Any CPU.Build.0 = Debug|Any CPU
		{04D0F5E9-37EE-40B6-9B64-76F1D4CD5654}.Release|Any CPU.ActiveCfg = Release|Any CPU
		{04D0F5E9-37EE-40B6-9B64-76F1D4CD5654}.Release|Any CPU.Build.0 = Release|Any CPU
		{C6283EDB-BEC1-49C4-BD71-BDC7C3A6A8B0}.Debug|Any CPU.ActiveCfg = Debug|Any CPU
		{C6283EDB-BEC1-49C4-BD71-BDC7C3A6A8B0}.Debug|Any CPU.Build.0 = Debug|Any CPU
		{C6283EDB-BEC1-49C4-BD71-BDC7C3A6A8B0}.Release|Any CPU.ActiveCfg = Release|Any CPU
		{C6283EDB-BEC1-49C4-BD71-BDC7C3A6A8B0}.Release|Any CPU.Build.0 = Release|Any CPU
		{801C3C91-D53D-4BBB-A5B3-FD138CD37C7D}.Debug|Any CPU.ActiveCfg = Debug|Any CPU
		{801C3C91-D53D-4BBB-A5B3-FD138CD37C7D}.Debug|Any CPU.Build.0 = Debug|Any CPU
		{801C3C91-D53D-4BBB-A5B3-FD138CD37C7D}.Release|Any CPU.ActiveCfg = Release|Any CPU
		{801C3C91-D53D-4BBB-A5B3-FD138CD37C7D}.Release|Any CPU.Build.0 = Release|Any CPU
	EndGlobalSection
	GlobalSection(SolutionProperties) = preSolution
		HideSolutionNode = FALSE
	EndGlobalSection
	GlobalSection(ExtensibilityGlobals) = postSolution
		SolutionGuid = {2FC5985D-5338-4A0B-BD10-C886C16B9417}
	EndGlobalSection
EndGlobal
